
Microsoft Visual Studio Solution File, Format Version 12.00
# Visual Studio Version 16
VisualStudioVersion = 16.0.29201.188
MinimumVisualStudioVersion = 10.0.40219.1
Project("{FAE04EC0-301F-11D3-BF4B-00C04F79EFBC}") = "ConsumoDeTinta", "ConsumoDeTinta.csproj", "{3CE47CEF-471F-4039-9619-A5FD7224EF14}"
EndProject
Global
	GlobalSection(SolutionConfigurationPlatforms) = preSolution
		Debug|Any CPU = Debug|Any CPU
		Release|Any CPU = Release|Any CPU
	EndGlobalSection
	GlobalSection(ProjectConfigurationPlatforms) = postSolution
		{3CE47CEF-471F-4039-9619-A5FD7224EF14}.Debug|Any CPU.ActiveCfg = Debug|Any CPU
		{3CE47CEF-471F-4039-9619-A5FD7224EF14}.Debug|Any CPU.Build.0 = Debug|Any CPU
		{3CE47CEF-471F-4039-9619-A5FD7224EF14}.Release|Any CPU.ActiveCfg = Release|Any CPU
		{3CE47CEF-471F-4039-9619-A5FD7224EF14}.Release|Any CPU.Build.0 = Release|Any CPU
	EndGlobalSection
	GlobalSection(SolutionProperties) = preSolution
		HideSolutionNode = FALSE
	EndGlobalSection
	GlobalSection(ExtensibilityGlobals) = postSolution
		SolutionGuid = {74CD52BF-5A44-498E-A1F2-02F1A0863818}
	EndGlobalSection
EndGlobal
